
Microsoft Visual Studio Solution File, Format Version 12.00
# Visual Studio Version 17
VisualStudioVersion = 17.0.31903.59
MinimumVisualStudioVersion = 10.0.40219.1
Project("{F2A71F9B-5D33-465A-A702-920D77279786}") = "Act01", "Act01\Act01.fsproj", "{534B9AED-E9D3-4B98-8D7F-9F20A6DD0731}"
EndProject
Project("{F2A71F9B-5D33-465A-A702-920D77279786}") = "Act02", "Act02\Act02.fsproj", "{38B83ECC-1DF9-4188-AE14-01DED7A5813E}"
EndProject
Project("{F2A71F9B-5D33-465A-A702-920D77279786}") = "Act03", "Act03\Act03.fsproj", "{E5DAE218-BCD5-40C6-BA67-7D68B65D2C73}"
EndProject
Project("{F2A71F9B-5D33-465A-A702-920D77279786}") = "Act04", "Act04\Act04.fsproj", "{9F538B76-2BB0-4F37-A632-A7803B8DE530}"
EndProject
Project("{F2A71F9B-5D33-465A-A702-920D77279786}") = "Act05", "Act05\Act05.fsproj", "{C079805D-F8A4-43CD-9E26-10AEECAEC97F}"
EndProject
Project("{F2A71F9B-5D33-465A-A702-920D77279786}") = "Act06", "Act06\Act06.fsproj", "{021D15CC-CA41-4192-B034-1A539F0A6282}"
EndProject
Project("{F2A71F9B-5D33-465A-A702-920D77279786}") = "Act07", "Act07\Act07.fsproj", "{17876040-62D0-42AB-82A1-25700A22C759}"
EndProject
Project("{F2A71F9B-5D33-465A-A702-920D77279786}") = "Act08", "Act08\Act08.fsproj", "{EFDFF7E8-3119-4DAC-BD34-9052682E6701}"
EndProject
Global
	GlobalSection(SolutionConfigurationPlatforms) = preSolution
		Debug|Any CPU = Debug|Any CPU
		Release|Any CPU = Release|Any CPU
	EndGlobalSection
	GlobalSection(SolutionProperties) = preSolution
		HideSolutionNode = FALSE
	EndGlobalSection
	GlobalSection(ProjectConfigurationPlatforms) = postSolution
		{534B9AED-E9D3-4B98-8D7F-9F20A6DD0731}.Debug|Any CPU.ActiveCfg = Debug|Any CPU
		{534B9AED-E9D3-4B98-8D7F-9F20A6DD0731}.Debug|Any CPU.Build.0 = Debug|Any CPU
		{534B9AED-E9D3-4B98-8D7F-9F20A6DD0731}.Release|Any CPU.ActiveCfg = Release|Any CPU
		{534B9AED-E9D3-4B98-8D7F-9F20A6DD0731}.Release|Any CPU.Build.0 = Release|Any CPU
		{38B83ECC-1DF9-4188-AE14-01DED7A5813E}.Debug|Any CPU.ActiveCfg = Debug|Any CPU
		{38B83ECC-1DF9-4188-AE14-01DED7A5813E}.Debug|Any CPU.Build.0 = Debug|Any CPU
		{38B83ECC-1DF9-4188-AE14-01DED7A5813E}.Release|Any CPU.ActiveCfg = Release|Any CPU
		{38B83ECC-1DF9-4188-AE14-01DED7A5813E}.Release|Any CPU.Build.0 = Release|Any CPU
		{E5DAE218-BCD5-40C6-BA67-7D68B65D2C73}.Debug|Any CPU.ActiveCfg = Debug|Any CPU
		{E5DAE218-BCD5-40C6-BA67-7D68B65D2C73}.Debug|Any CPU.Build.0 = Debug|Any CPU
		{E5DAE218-BCD5-40C6-BA67-7D68B65D2C73}.Release|Any CPU.ActiveCfg = Release|Any CPU
		{E5DAE218-BCD5-40C6-BA67-7D68B65D2C73}.Release|Any CPU.Build.0 = Release|Any CPU
		{9F538B76-2BB0-4F37-A632-A7803B8DE530}.Debug|Any CPU.ActiveCfg = Debug|Any CPU
		{9F538B76-2BB0-4F37-A632-A7803B8DE530}.Debug|Any CPU.Build.0 = Debug|Any CPU
		{9F538B76-2BB0-4F37-A632-A7803B8DE530}.Release|Any CPU.ActiveCfg = Release|Any CPU
		{9F538B76-2BB0-4F37-A632-A7803B8DE530}.Release|Any CPU.Build.0 = Release|Any CPU
		{C079805D-F8A4-43CD-9E26-10AEECAEC97F}.Debug|Any CPU.ActiveCfg = Debug|Any CPU
		{C079805D-F8A4-43CD-9E26-10AEECAEC97F}.Debug|Any CPU.Build.0 = Debug|Any CPU
		{C079805D-F8A4-43CD-9E26-10AEECAEC97F}.Release|Any CPU.ActiveCfg = Release|Any CPU
		{C079805D-F8A4-43CD-9E26-10AEECAEC97F}.Release|Any CPU.Build.0 = Release|Any CPU
		{021D15CC-CA41-4192-B034-1A539F0A6282}.Debug|Any CPU.ActiveCfg = Debug|Any CPU
		{021D15CC-CA41-4192-B034-1A539F0A6282}.Debug|Any CPU.Build.0 = Debug|Any CPU
		{021D15CC-CA41-4192-B034-1A539F0A6282}.Release|Any CPU.ActiveCfg = Release|Any CPU
		{021D15CC-CA41-4192-B034-1A539F0A6282}.Release|Any CPU.Build.0 = Release|Any CPU
		{17876040-62D0-42AB-82A1-25700A22C759}.Debug|Any CPU.ActiveCfg = Debug|Any CPU
		{17876040-62D0-42AB-82A1-25700A22C759}.Debug|Any CPU.Build.0 = Debug|Any CPU
		{17876040-62D0-42AB-82A1-25700A22C759}.Release|Any CPU.ActiveCfg = Release|Any CPU
		{17876040-62D0-42AB-82A1-25700A22C759}.Release|Any CPU.Build.0 = Release|Any CPU
		{EFDFF7E8-3119-4DAC-BD34-9052682E6701}.Debug|Any CPU.ActiveCfg = Debug|Any CPU
		{EFDFF7E8-3119-4DAC-BD34-9052682E6701}.Debug|Any CPU.Build.0 = Debug|Any CPU
		{EFDFF7E8-3119-4DAC-BD34-9052682E6701}.Release|Any CPU.ActiveCfg = Release|Any CPU
		{EFDFF7E8-3119-4DAC-BD34-9052682E6701}.Release|Any CPU.Build.0 = Release|Any CPU
	EndGlobalSection
EndGlobal
